
Microsoft Visual Studio Solution File, Format Version 12.00
# Visual Studio 15
VisualStudioVersion = 15.0.26730.10
MinimumVisualStudioVersion = 10.0.40219.1

Project("{6EC3EE1D-3C4E-46DD-8F32-0CC8E7565705}") = "commutr_v2", "commutr_v2\commutr_v2.fsproj", "{9066B05B-F0BF-4837-A5B5-A716E83720C4}"
EndProject

Project("{F2A71F9B-5D33-465A-A702-920D77279786}") = "commutr_v2.Android", "commutr_v2.Android\commutr_v2.Android.fsproj", "{A63CC887-4BC4-4BF4-9550-A143D7DCF5AF}"
EndProject


Project("{F2A71F9B-5D33-465A-A702-920D77279786}") = "commutr_v2.iOS", "commutr_v2.iOS\commutr_v2.iOS.fsproj", "{2009D70A-AC12-4265-95BF-42FFCEAA6AC3}"
EndProject




Global
	GlobalSection(SolutionConfigurationPlatforms) = preSolution
		Ad-Hoc|Any CPU = Ad-Hoc|Any CPU
		Ad-Hoc|ARM = Ad-Hoc|ARM
		Ad-Hoc|iPhone = Ad-Hoc|iPhone
		Ad-Hoc|iPhoneSimulator = Ad-Hoc|iPhoneSimulator
		Ad-Hoc|x64 = Ad-Hoc|x64
		Ad-Hoc|x86 = Ad-Hoc|x86
		AppStore|Any CPU = AppStore|Any CPU
		AppStore|ARM = AppStore|ARM
		AppStore|iPhone = AppStore|iPhone
		AppStore|iPhoneSimulator = AppStore|iPhoneSimulator
		AppStore|x64 = AppStore|x64
		AppStore|x86 = AppStore|x86
		Debug|Any CPU = Debug|Any CPU
		Debug|ARM = Debug|ARM
		Debug|iPhone = Debug|iPhone
		Debug|iPhoneSimulator = Debug|iPhoneSimulator
		Debug|x64 = Debug|x64
		Debug|x86 = Debug|x86
		Release|Any CPU = Release|Any CPU
		Release|ARM = Release|ARM
		Release|iPhone = Release|iPhone
		Release|iPhoneSimulator = Release|iPhoneSimulator
		Release|x64 = Release|x64
		Release|x86 = Release|x86
	EndGlobalSection
	GlobalSection(ProjectConfigurationPlatforms) = postSolution
		{9066B05B-F0BF-4837-A5B5-A716E83720C4}.Ad-Hoc|Any CPU.ActiveCfg = Debug|Any CPU
		{9066B05B-F0BF-4837-A5B5-A716E83720C4}.Ad-Hoc|Any CPU.Build.0 = Debug|Any CPU
		{9066B05B-F0BF-4837-A5B5-A716E83720C4}.Ad-Hoc|ARM.ActiveCfg = Debug|Any CPU
		{9066B05B-F0BF-4837-A5B5-A716E83720C4}.Ad-Hoc|ARM.Build.0 = Debug|Any CPU
		{9066B05B-F0BF-4837-A5B5-A716E83720C4}.Ad-Hoc|iPhone.ActiveCfg = Debug|Any CPU
		{9066B05B-F0BF-4837-A5B5-A716E83720C4}.Ad-Hoc|iPhone.Build.0 = Debug|Any CPU
		{9066B05B-F0BF-4837-A5B5-A716E83720C4}.Ad-Hoc|iPhoneSimulator.ActiveCfg = Debug|Any CPU
		{9066B05B-F0BF-4837-A5B5-A716E83720C4}.Ad-Hoc|iPhoneSimulator.Build.0 = Debug|Any CPU
		{9066B05B-F0BF-4837-A5B5-A716E83720C4}.Ad-Hoc|x64.ActiveCfg = Debug|Any CPU
		{9066B05B-F0BF-4837-A5B5-A716E83720C4}.Ad-Hoc|x64.Build.0 = Debug|Any CPU
		{9066B05B-F0BF-4837-A5B5-A716E83720C4}.Ad-Hoc|x86.ActiveCfg = Debug|Any CPU
		{9066B05B-F0BF-4837-A5B5-A716E83720C4}.Ad-Hoc|x86.Build.0 = Debug|Any CPU
		{9066B05B-F0BF-4837-A5B5-A716E83720C4}.AppStore|Any CPU.ActiveCfg = Debug|Any CPU
		{9066B05B-F0BF-4837-A5B5-A716E83720C4}.AppStore|Any CPU.Build.0 = Debug|Any CPU
		{9066B05B-F0BF-4837-A5B5-A716E83720C4}.AppStore|ARM.ActiveCfg = Debug|Any CPU
		{9066B05B-F0BF-4837-A5B5-A716E83720C4}.AppStore|ARM.Build.0 = Debug|Any CPU
		{9066B05B-F0BF-4837-A5B5-A716E83720C4}.AppStore|iPhone.ActiveCfg = Debug|Any CPU
		{9066B05B-F0BF-4837-A5B5-A716E83720C4}.AppStore|iPhone.Build.0 = Debug|Any CPU
		{9066B05B-F0BF-4837-A5B5-A716E83720C4}.AppStore|iPhoneSimulator.ActiveCfg = Debug|Any CPU
		{9066B05B-F0BF-4837-A5B5-A716E83720C4}.AppStore|iPhoneSimulator.Build.0 = Debug|Any CPU
		{9066B05B-F0BF-4837-A5B5-A716E83720C4}.AppStore|x64.ActiveCfg = Debug|Any CPU
		{9066B05B-F0BF-4837-A5B5-A716E83720C4}.AppStore|x64.Build.0 = Debug|Any CPU
		{9066B05B-F0BF-4837-A5B5-A716E83720C4}.AppStore|x86.ActiveCfg = Debug|Any CPU
		{9066B05B-F0BF-4837-A5B5-A716E83720C4}.AppStore|x86.Build.0 = Debug|Any CPU
		{9066B05B-F0BF-4837-A5B5-A716E83720C4}.Debug|Any CPU.ActiveCfg = Debug|Any CPU
		{9066B05B-F0BF-4837-A5B5-A716E83720C4}.Debug|Any CPU.Build.0 = Debug|Any CPU
		{9066B05B-F0BF-4837-A5B5-A716E83720C4}.Debug|ARM.ActiveCfg = Debug|Any CPU
		{9066B05B-F0BF-4837-A5B5-A716E83720C4}.Debug|ARM.Build.0 = Debug|Any CPU
		{9066B05B-F0BF-4837-A5B5-A716E83720C4}.Debug|iPhone.ActiveCfg = Debug|Any CPU
		{9066B05B-F0BF-4837-A5B5-A716E83720C4}.Debug|iPhone.Build.0 = Debug|Any CPU
		{9066B05B-F0BF-4837-A5B5-A716E83720C4}.Debug|iPhoneSimulator.ActiveCfg = Debug|Any CPU
		{9066B05B-F0BF-4837-A5B5-A716E83720C4}.Debug|iPhoneSimulator.Build.0 = Debug|Any CPU
		{9066B05B-F0BF-4837-A5B5-A716E83720C4}.Debug|x64.ActiveCfg = Debug|Any CPU
		{9066B05B-F0BF-4837-A5B5-A716E83720C4}.Debug|x64.Build.0 = Debug|Any CPU
		{9066B05B-F0BF-4837-A5B5-A716E83720C4}.Debug|x86.ActiveCfg = Debug|Any CPU
		{9066B05B-F0BF-4837-A5B5-A716E83720C4}.Debug|x86.Build.0 = Debug|Any CPU
		{9066B05B-F0BF-4837-A5B5-A716E83720C4}.Release|Any CPU.ActiveCfg = Release|Any CPU
		{9066B05B-F0BF-4837-A5B5-A716E83720C4}.Release|Any CPU.Build.0 = Release|Any CPU
		{9066B05B-F0BF-4837-A5B5-A716E83720C4}.Release|ARM.ActiveCfg = Release|Any CPU
		{9066B05B-F0BF-4837-A5B5-A716E83720C4}.Release|ARM.Build.0 = Release|Any CPU
		{9066B05B-F0BF-4837-A5B5-A716E83720C4}.Release|iPhone.ActiveCfg = Release|Any CPU
		{9066B05B-F0BF-4837-A5B5-A716E83720C4}.Release|iPhone.Build.0 = Release|Any CPU
		{9066B05B-F0BF-4837-A5B5-A716E83720C4}.Release|iPhoneSimulator.ActiveCfg = Release|Any CPU
		{9066B05B-F0BF-4837-A5B5-A716E83720C4}.Release|iPhoneSimulator.Build.0 = Release|Any CPU
		{9066B05B-F0BF-4837-A5B5-A716E83720C4}.Release|x64.ActiveCfg = Release|Any CPU
		{9066B05B-F0BF-4837-A5B5-A716E83720C4}.Release|x64.Build.0 = Release|Any CPU
		{9066B05B-F0BF-4837-A5B5-A716E83720C4}.Release|x86.ActiveCfg = Release|Any CPU
		{9066B05B-F0BF-4837-A5B5-A716E83720C4}.Release|x86.Build.0 = Release|Any CPU
		{2009D70A-AC12-4265-95BF-42FFCEAA6AC3}.Ad-Hoc|Any CPU.ActiveCfg = Ad-Hoc|iPhone
		{2009D70A-AC12-4265-95BF-42FFCEAA6AC3}.Ad-Hoc|ARM.ActiveCfg = Ad-Hoc|iPhone
		{2009D70A-AC12-4265-95BF-42FFCEAA6AC3}.Ad-Hoc|iPhone.ActiveCfg = Ad-Hoc|iPhone
		{2009D70A-AC12-4265-95BF-42FFCEAA6AC3}.Ad-Hoc|iPhone.Build.0 = Ad-Hoc|iPhone
		{2009D70A-AC12-4265-95BF-42FFCEAA6AC3}.Ad-Hoc|iPhoneSimulator.ActiveCfg = Ad-Hoc|iPhoneSimulator
		{2009D70A-AC12-4265-95BF-42FFCEAA6AC3}.Ad-Hoc|iPhoneSimulator.Build.0 = Ad-Hoc|iPhoneSimulator
		{2009D70A-AC12-4265-95BF-42FFCEAA6AC3}.Ad-Hoc|x64.ActiveCfg = Ad-Hoc|iPhone
		{2009D70A-AC12-4265-95BF-42FFCEAA6AC3}.Ad-Hoc|x86.ActiveCfg = Ad-Hoc|iPhone
		{2009D70A-AC12-4265-95BF-42FFCEAA6AC3}.AppStore|Any CPU.ActiveCfg = AppStore|iPhone
		{2009D70A-AC12-4265-95BF-42FFCEAA6AC3}.AppStore|ARM.ActiveCfg = AppStore|iPhone
		{2009D70A-AC12-4265-95BF-42FFCEAA6AC3}.AppStore|iPhone.ActiveCfg = AppStore|iPhone
		{2009D70A-AC12-4265-95BF-42FFCEAA6AC3}.AppStore|iPhone.Build.0 = AppStore|iPhone
		{2009D70A-AC12-4265-95BF-42FFCEAA6AC3}.AppStore|iPhoneSimulator.ActiveCfg = AppStore|iPhoneSimulator
		{2009D70A-AC12-4265-95BF-42FFCEAA6AC3}.AppStore|iPhoneSimulator.Build.0 = AppStore|iPhoneSimulator
		{2009D70A-AC12-4265-95BF-42FFCEAA6AC3}.AppStore|x64.ActiveCfg = AppStore|iPhone
		{2009D70A-AC12-4265-95BF-42FFCEAA6AC3}.AppStore|x86.ActiveCfg = AppStore|iPhone
		{2009D70A-AC12-4265-95BF-42FFCEAA6AC3}.Debug|Any CPU.ActiveCfg = Debug|iPhone
		{2009D70A-AC12-4265-95BF-42FFCEAA6AC3}.Debug|ARM.ActiveCfg = Debug|iPhone
		{2009D70A-AC12-4265-95BF-42FFCEAA6AC3}.Debug|iPhone.ActiveCfg = Debug|iPhone
		{2009D70A-AC12-4265-95BF-42FFCEAA6AC3}.Debug|iPhone.Build.0 = Debug|iPhone
		{2009D70A-AC12-4265-95BF-42FFCEAA6AC3}.Debug|iPhoneSimulator.ActiveCfg = Debug|iPhoneSimulator
		{2009D70A-AC12-4265-95BF-42FFCEAA6AC3}.Debug|iPhoneSimulator.Build.0 = Debug|iPhoneSimulator
		{2009D70A-AC12-4265-95BF-42FFCEAA6AC3}.Debug|x64.ActiveCfg = Debug|iPhone
		{2009D70A-AC12-4265-95BF-42FFCEAA6AC3}.Debug|x86.ActiveCfg = Debug|iPhone
		{2009D70A-AC12-4265-95BF-42FFCEAA6AC3}.Release|Any CPU.ActiveCfg = Release|iPhone
		{2009D70A-AC12-4265-95BF-42FFCEAA6AC3}.Release|ARM.ActiveCfg = Release|iPhone
		{2009D70A-AC12-4265-95BF-42FFCEAA6AC3}.Release|iPhone.ActiveCfg = Release|iPhone
		{2009D70A-AC12-4265-95BF-42FFCEAA6AC3}.Release|iPhone.Build.0 = Release|iPhone
		{2009D70A-AC12-4265-95BF-42FFCEAA6AC3}.Release|iPhoneSimulator.ActiveCfg = Release|iPhoneSimulator
		{2009D70A-AC12-4265-95BF-42FFCEAA6AC3}.Release|iPhoneSimulator.Build.0 = Release|iPhoneSimulator
		{2009D70A-AC12-4265-95BF-42FFCEAA6AC3}.Release|x64.ActiveCfg = Release|iPhone
		{2009D70A-AC12-4265-95BF-42FFCEAA6AC3}.Release|x86.ActiveCfg = Release|iPhone
		{B2C62520-B863-4240-86A0-29AC5651250B}.Ad-Hoc|Any CPU.ActiveCfg = Release|x86
		{B2C62520-B863-4240-86A0-29AC5651250B}.Ad-Hoc|Any CPU.Build.0 = Release|x86
		{B2C62520-B863-4240-86A0-29AC5651250B}.Ad-Hoc|Any CPU.Deploy.0 = Release|x86
		{B2C62520-B863-4240-86A0-29AC5651250B}.Ad-Hoc|ARM.ActiveCfg = Release|ARM
		{B2C62520-B863-4240-86A0-29AC5651250B}.Ad-Hoc|ARM.Build.0 = Release|ARM
		{B2C62520-B863-4240-86A0-29AC5651250B}.Ad-Hoc|ARM.Deploy.0 = Release|ARM
		{B2C62520-B863-4240-86A0-29AC5651250B}.Ad-Hoc|iPhone.ActiveCfg = Release|x86
		{B2C62520-B863-4240-86A0-29AC5651250B}.Ad-Hoc|iPhone.Build.0 = Release|x86
		{B2C62520-B863-4240-86A0-29AC5651250B}.Ad-Hoc|iPhone.Deploy.0 = Release|x86
		{B2C62520-B863-4240-86A0-29AC5651250B}.Ad-Hoc|iPhoneSimulator.ActiveCfg = Release|x86
		{B2C62520-B863-4240-86A0-29AC5651250B}.Ad-Hoc|iPhoneSimulator.Build.0 = Release|x86
		{B2C62520-B863-4240-86A0-29AC5651250B}.Ad-Hoc|iPhoneSimulator.Deploy.0 = Release|x86
		{B2C62520-B863-4240-86A0-29AC5651250B}.Ad-Hoc|x64.ActiveCfg = Release|x64
		{B2C62520-B863-4240-86A0-29AC5651250B}.Ad-Hoc|x64.Build.0 = Release|x64
		{B2C62520-B863-4240-86A0-29AC5651250B}.Ad-Hoc|x64.Deploy.0 = Release|x64
		{B2C62520-B863-4240-86A0-29AC5651250B}.Ad-Hoc|x86.ActiveCfg = Release|x86
		{B2C62520-B863-4240-86A0-29AC5651250B}.Ad-Hoc|x86.Build.0 = Release|x86
		{B2C62520-B863-4240-86A0-29AC5651250B}.Ad-Hoc|x86.Deploy.0 = Release|x86
		{B2C62520-B863-4240-86A0-29AC5651250B}.AppStore|Any CPU.ActiveCfg = Release|x86
		{B2C62520-B863-4240-86A0-29AC5651250B}.AppStore|Any CPU.Build.0 = Release|x86
		{B2C62520-B863-4240-86A0-29AC5651250B}.AppStore|Any CPU.Deploy.0 = Release|x86
		{B2C62520-B863-4240-86A0-29AC5651250B}.AppStore|ARM.ActiveCfg = Release|ARM
		{B2C62520-B863-4240-86A0-29AC5651250B}.AppStore|ARM.Build.0 = Release|ARM
		{B2C62520-B863-4240-86A0-29AC5651250B}.AppStore|ARM.Deploy.0 = Release|ARM
		{B2C62520-B863-4240-86A0-29AC5651250B}.AppStore|iPhone.ActiveCfg = Release|x86
		{B2C62520-B863-4240-86A0-29AC5651250B}.AppStore|iPhone.Build.0 = Release|x86
		{B2C62520-B863-4240-86A0-29AC5651250B}.AppStore|iPhone.Deploy.0 = Release|x86
		{B2C62520-B863-4240-86A0-29AC5651250B}.AppStore|iPhoneSimulator.ActiveCfg = Release|x86
		{B2C62520-B863-4240-86A0-29AC5651250B}.AppStore|iPhoneSimulator.Build.0 = Release|x86
		{B2C62520-B863-4240-86A0-29AC5651250B}.AppStore|iPhoneSimulator.Deploy.0 = Release|x86
		{B2C62520-B863-4240-86A0-29AC5651250B}.AppStore|x64.ActiveCfg = Release|x64
		{B2C62520-B863-4240-86A0-29AC5651250B}.AppStore|x64.Build.0 = Release|x64
		{B2C62520-B863-4240-86A0-29AC5651250B}.AppStore|x64.Deploy.0 = Release|x64
		{B2C62520-B863-4240-86A0-29AC5651250B}.AppStore|x86.ActiveCfg = Release|x86
		{B2C62520-B863-4240-86A0-29AC5651250B}.AppStore|x86.Build.0 = Release|x86
		{B2C62520-B863-4240-86A0-29AC5651250B}.AppStore|x86.Deploy.0 = Release|x86
		{B2C62520-B863-4240-86A0-29AC5651250B}.Debug|Any CPU.ActiveCfg = Debug|x86
		{B2C62520-B863-4240-86A0-29AC5651250B}.Debug|ARM.ActiveCfg = Debug|ARM
		{B2C62520-B863-4240-86A0-29AC5651250B}.Debug|ARM.Build.0 = Debug|ARM
		{B2C62520-B863-4240-86A0-29AC5651250B}.Debug|ARM.Deploy.0 = Debug|ARM
		{B2C62520-B863-4240-86A0-29AC5651250B}.Debug|iPhone.ActiveCfg = Debug|x86
		{B2C62520-B863-4240-86A0-29AC5651250B}.Debug|iPhoneSimulator.ActiveCfg = Debug|x86
		{B2C62520-B863-4240-86A0-29AC5651250B}.Debug|x64.ActiveCfg = Debug|x64
		{B2C62520-B863-4240-86A0-29AC5651250B}.Debug|x64.Build.0 = Debug|x64
		{B2C62520-B863-4240-86A0-29AC5651250B}.Debug|x64.Deploy.0 = Debug|x64
		{B2C62520-B863-4240-86A0-29AC5651250B}.Debug|x86.ActiveCfg = Debug|x86
		{B2C62520-B863-4240-86A0-29AC5651250B}.Debug|x86.Build.0 = Debug|x86
		{B2C62520-B863-4240-86A0-29AC5651250B}.Debug|x86.Deploy.0 = Debug|x86
		{B2C62520-B863-4240-86A0-29AC5651250B}.Release|Any CPU.ActiveCfg = Release|x86
		{B2C62520-B863-4240-86A0-29AC5651250B}.Release|ARM.ActiveCfg = Release|ARM
		{B2C62520-B863-4240-86A0-29AC5651250B}.Release|ARM.Build.0 = Release|ARM
		{B2C62520-B863-4240-86A0-29AC5651250B}.Release|ARM.Deploy.0 = Release|ARM
		{B2C62520-B863-4240-86A0-29AC5651250B}.Release|iPhone.ActiveCfg = Release|x86
		{B2C62520-B863-4240-86A0-29AC5651250B}.Release|iPhoneSimulator.ActiveCfg = Release|x86
		{B2C62520-B863-4240-86A0-29AC5651250B}.Release|x64.ActiveCfg = Release|x64
		{B2C62520-B863-4240-86A0-29AC5651250B}.Release|x64.Build.0 = Release|x64
		{B2C62520-B863-4240-86A0-29AC5651250B}.Release|x64.Deploy.0 = Release|x64
		{B2C62520-B863-4240-86A0-29AC5651250B}.Release|x86.ActiveCfg = Release|x86
		{B2C62520-B863-4240-86A0-29AC5651250B}.Release|x86.Build.0 = Release|x86
		{B2C62520-B863-4240-86A0-29AC5651250B}.Release|x86.Deploy.0 = Release|x86
		{D504B5B5-53E2-4F6D-9AE1-EA1A547FF02D}.Ad-Hoc|Any CPU.ActiveCfg = Release|Any CPU
		{D504B5B5-53E2-4F6D-9AE1-EA1A547FF02D}.Ad-Hoc|Any CPU.Build.0 = Release|Any CPU
		{D504B5B5-53E2-4F6D-9AE1-EA1A547FF02D}.Ad-Hoc|ARM.ActiveCfg = Release|Any CPU
		{D504B5B5-53E2-4F6D-9AE1-EA1A547FF02D}.Ad-Hoc|ARM.Build.0 = Release|Any CPU
		{D504B5B5-53E2-4F6D-9AE1-EA1A547FF02D}.Ad-Hoc|iPhone.ActiveCfg = Release|Any CPU
		{D504B5B5-53E2-4F6D-9AE1-EA1A547FF02D}.Ad-Hoc|iPhone.Build.0 = Release|Any CPU
		{D504B5B5-53E2-4F6D-9AE1-EA1A547FF02D}.Ad-Hoc|iPhoneSimulator.ActiveCfg = Release|Any CPU
		{D504B5B5-53E2-4F6D-9AE1-EA1A547FF02D}.Ad-Hoc|iPhoneSimulator.Build.0 = Release|Any CPU
		{D504B5B5-53E2-4F6D-9AE1-EA1A547FF02D}.Ad-Hoc|x64.ActiveCfg = Release|Any CPU
		{D504B5B5-53E2-4F6D-9AE1-EA1A547FF02D}.Ad-Hoc|x64.Build.0 = Release|Any CPU
		{D504B5B5-53E2-4F6D-9AE1-EA1A547FF02D}.Ad-Hoc|x86.ActiveCfg = Release|Any CPU
		{D504B5B5-53E2-4F6D-9AE1-EA1A547FF02D}.Ad-Hoc|x86.Build.0 = Release|Any CPU
		{D504B5B5-53E2-4F6D-9AE1-EA1A547FF02D}.AppStore|Any CPU.ActiveCfg = Release|Any CPU
		{D504B5B5-53E2-4F6D-9AE1-EA1A547FF02D}.AppStore|Any CPU.Build.0 = Release|Any CPU
		{D504B5B5-53E2-4F6D-9AE1-EA1A547FF02D}.AppStore|ARM.ActiveCfg = Release|Any CPU
		{D504B5B5-53E2-4F6D-9AE1-EA1A547FF02D}.AppStore|ARM.Build.0 = Release|Any CPU
		{D504B5B5-53E2-4F6D-9AE1-EA1A547FF02D}.AppStore|iPhone.ActiveCfg = Release|Any CPU
		{D504B5B5-53E2-4F6D-9AE1-EA1A547FF02D}.AppStore|iPhone.Build.0 = Release|Any CPU
		{D504B5B5-53E2-4F6D-9AE1-EA1A547FF02D}.AppStore|iPhoneSimulator.ActiveCfg = Release|Any CPU
		{D504B5B5-53E2-4F6D-9AE1-EA1A547FF02D}.AppStore|iPhoneSimulator.Build.0 = Release|Any CPU
		{D504B5B5-53E2-4F6D-9AE1-EA1A547FF02D}.AppStore|x64.ActiveCfg = Release|Any CPU
		{D504B5B5-53E2-4F6D-9AE1-EA1A547FF02D}.AppStore|x64.Build.0 = Release|Any CPU
		{D504B5B5-53E2-4F6D-9AE1-EA1A547FF02D}.AppStore|x86.ActiveCfg = Release|Any CPU
		{D504B5B5-53E2-4F6D-9AE1-EA1A547FF02D}.AppStore|x86.Build.0 = Release|Any CPU
		{D504B5B5-53E2-4F6D-9AE1-EA1A547FF02D}.Debug|Any CPU.ActiveCfg = Debug|Any CPU
		{D504B5B5-53E2-4F6D-9AE1-EA1A547FF02D}.Debug|Any CPU.Build.0 = Debug|Any CPU
		{D504B5B5-53E2-4F6D-9AE1-EA1A547FF02D}.Debug|ARM.ActiveCfg = Debug|Any CPU
		{D504B5B5-53E2-4F6D-9AE1-EA1A547FF02D}.Debug|ARM.Build.0 = Debug|Any CPU
		{D504B5B5-53E2-4F6D-9AE1-EA1A547FF02D}.Debug|iPhone.ActiveCfg = Debug|Any CPU
		{D504B5B5-53E2-4F6D-9AE1-EA1A547FF02D}.Debug|iPhone.Build.0 = Debug|Any CPU
		{D504B5B5-53E2-4F6D-9AE1-EA1A547FF02D}.Debug|iPhoneSimulator.ActiveCfg = Debug|Any CPU
		{D504B5B5-53E2-4F6D-9AE1-EA1A547FF02D}.Debug|iPhoneSimulator.Build.0 = Debug|Any CPU
		{D504B5B5-53E2-4F6D-9AE1-EA1A547FF02D}.Debug|x64.ActiveCfg = Debug|Any CPU
		{D504B5B5-53E2-4F6D-9AE1-EA1A547FF02D}.Debug|x64.Build.0 = Debug|Any CPU
		{D504B5B5-53E2-4F6D-9AE1-EA1A547FF02D}.Debug|x86.ActiveCfg = Debug|Any CPU
		{D504B5B5-53E2-4F6D-9AE1-EA1A547FF02D}.Debug|x86.Build.0 = Debug|Any CPU
		{D504B5B5-53E2-4F6D-9AE1-EA1A547FF02D}.Release|Any CPU.ActiveCfg = Release|Any CPU
		{D504B5B5-53E2-4F6D-9AE1-EA1A547FF02D}.Release|Any CPU.Build.0 = Release|Any CPU
		{D504B5B5-53E2-4F6D-9AE1-EA1A547FF02D}.Release|ARM.ActiveCfg = Release|Any CPU
		{D504B5B5-53E2-4F6D-9AE1-EA1A547FF02D}.Release|ARM.Build.0 = Release|Any CPU
		{D504B5B5-53E2-4F6D-9AE1-EA1A547FF02D}.Release|iPhone.ActiveCfg = Release|Any CPU
		{D504B5B5-53E2-4F6D-9AE1-EA1A547FF02D}.Release|iPhone.Build.0 = Release|Any CPU
		{D504B5B5-53E2-4F6D-9AE1-EA1A547FF02D}.Release|iPhoneSimulator.ActiveCfg = Release|Any CPU
		{D504B5B5-53E2-4F6D-9AE1-EA1A547FF02D}.Release|iPhoneSimulator.Build.0 = Release|Any CPU
		{D504B5B5-53E2-4F6D-9AE1-EA1A547FF02D}.Release|x64.ActiveCfg = Release|Any CPU
		{D504B5B5-53E2-4F6D-9AE1-EA1A547FF02D}.Release|x64.Build.0 = Release|Any CPU
		{D504B5B5-53E2-4F6D-9AE1-EA1A547FF02D}.Release|x86.ActiveCfg = Release|Any CPU
		{D504B5B5-53E2-4F6D-9AE1-EA1A547FF02D}.Release|x86.Build.0 = Release|Any CPU
		{95C109A0-7066-4FE7-AD4C-911AE9004CC6}.Ad-Hoc|Any CPU.ActiveCfg = Release|Any CPU
		{95C109A0-7066-4FE7-AD4C-911AE9004CC6}.Ad-Hoc|Any CPU.Build.0 = Release|Any CPU
		{95C109A0-7066-4FE7-AD4C-911AE9004CC6}.Ad-Hoc|ARM.ActiveCfg = Release|Any CPU
		{95C109A0-7066-4FE7-AD4C-911AE9004CC6}.Ad-Hoc|ARM.Build.0 = Release|Any CPU
		{95C109A0-7066-4FE7-AD4C-911AE9004CC6}.Ad-Hoc|iPhone.ActiveCfg = Release|Any CPU
		{95C109A0-7066-4FE7-AD4C-911AE9004CC6}.Ad-Hoc|iPhone.Build.0 = Release|Any CPU
		{95C109A0-7066-4FE7-AD4C-911AE9004CC6}.Ad-Hoc|iPhoneSimulator.ActiveCfg = Release|Any CPU
		{95C109A0-7066-4FE7-AD4C-911AE9004CC6}.Ad-Hoc|iPhoneSimulator.Build.0 = Release|Any CPU
		{95C109A0-7066-4FE7-AD4C-911AE9004CC6}.Ad-Hoc|x64.ActiveCfg = Release|Any CPU
		{95C109A0-7066-4FE7-AD4C-911AE9004CC6}.Ad-Hoc|x64.Build.0 = Release|Any CPU
		{95C109A0-7066-4FE7-AD4C-911AE9004CC6}.Ad-Hoc|x86.ActiveCfg = Release|Any CPU
		{95C109A0-7066-4FE7-AD4C-911AE9004CC6}.Ad-Hoc|x86.Build.0 = Release|Any CPU
		{95C109A0-7066-4FE7-AD4C-911AE9004CC6}.AppStore|Any CPU.ActiveCfg = Release|Any CPU
		{95C109A0-7066-4FE7-AD4C-911AE9004CC6}.AppStore|Any CPU.Build.0 = Release|Any CPU
		{95C109A0-7066-4FE7-AD4C-911AE9004CC6}.AppStore|ARM.ActiveCfg = Release|Any CPU
		{95C109A0-7066-4FE7-AD4C-911AE9004CC6}.AppStore|ARM.Build.0 = Release|Any CPU
		{95C109A0-7066-4FE7-AD4C-911AE9004CC6}.AppStore|iPhone.ActiveCfg = Release|Any CPU
		{95C109A0-7066-4FE7-AD4C-911AE9004CC6}.AppStore|iPhone.Build.0 = Release|Any CPU
		{95C109A0-7066-4FE7-AD4C-911AE9004CC6}.AppStore|iPhoneSimulator.ActiveCfg = Release|Any CPU
		{95C109A0-7066-4FE7-AD4C-911AE9004CC6}.AppStore|iPhoneSimulator.Build.0 = Release|Any CPU
		{95C109A0-7066-4FE7-AD4C-911AE9004CC6}.AppStore|x64.ActiveCfg = Release|Any CPU
		{95C109A0-7066-4FE7-AD4C-911AE9004CC6}.AppStore|x64.Build.0 = Release|Any CPU
		{95C109A0-7066-4FE7-AD4C-911AE9004CC6}.AppStore|x86.ActiveCfg = Release|Any CPU
		{95C109A0-7066-4FE7-AD4C-911AE9004CC6}.AppStore|x86.Build.0 = Release|Any CPU
		{95C109A0-7066-4FE7-AD4C-911AE9004CC6}.Debug|Any CPU.ActiveCfg = Debug|Any CPU
		{95C109A0-7066-4FE7-AD4C-911AE9004CC6}.Debug|Any CPU.Build.0 = Debug|Any CPU
		{95C109A0-7066-4FE7-AD4C-911AE9004CC6}.Debug|ARM.ActiveCfg = Debug|Any CPU
		{95C109A0-7066-4FE7-AD4C-911AE9004CC6}.Debug|ARM.Build.0 = Debug|Any CPU
		{95C109A0-7066-4FE7-AD4C-911AE9004CC6}.Debug|iPhone.ActiveCfg = Debug|Any CPU
		{95C109A0-7066-4FE7-AD4C-911AE9004CC6}.Debug|iPhone.Build.0 = Debug|Any CPU
		{95C109A0-7066-4FE7-AD4C-911AE9004CC6}.Debug|iPhoneSimulator.ActiveCfg = Debug|Any CPU
		{95C109A0-7066-4FE7-AD4C-911AE9004CC6}.Debug|iPhoneSimulator.Build.0 = Debug|Any CPU
		{95C109A0-7066-4FE7-AD4C-911AE9004CC6}.Debug|x64.ActiveCfg = Debug|Any CPU
		{95C109A0-7066-4FE7-AD4C-911AE9004CC6}.Debug|x64.Build.0 = Debug|Any CPU
		{95C109A0-7066-4FE7-AD4C-911AE9004CC6}.Debug|x86.ActiveCfg = Debug|Any CPU
		{95C109A0-7066-4FE7-AD4C-911AE9004CC6}.Debug|x86.Build.0 = Debug|Any CPU
		{95C109A0-7066-4FE7-AD4C-911AE9004CC6}.Release|Any CPU.ActiveCfg = Release|Any CPU
		{95C109A0-7066-4FE7-AD4C-911AE9004CC6}.Release|Any CPU.Build.0 = Release|Any CPU
		{95C109A0-7066-4FE7-AD4C-911AE9004CC6}.Release|ARM.ActiveCfg = Release|Any CPU
		{95C109A0-7066-4FE7-AD4C-911AE9004CC6}.Release|ARM.Build.0 = Release|Any CPU
		{95C109A0-7066-4FE7-AD4C-911AE9004CC6}.Release|iPhone.ActiveCfg = Release|Any CPU
		{95C109A0-7066-4FE7-AD4C-911AE9004CC6}.Release|iPhone.Build.0 = Release|Any CPU
		{95C109A0-7066-4FE7-AD4C-911AE9004CC6}.Release|iPhoneSimulator.ActiveCfg = Release|Any CPU
		{95C109A0-7066-4FE7-AD4C-911AE9004CC6}.Release|iPhoneSimulator.Build.0 = Release|Any CPU
		{95C109A0-7066-4FE7-AD4C-911AE9004CC6}.Release|x64.ActiveCfg = Release|Any CPU
		{95C109A0-7066-4FE7-AD4C-911AE9004CC6}.Release|x64.Build.0 = Release|Any CPU
		{95C109A0-7066-4FE7-AD4C-911AE9004CC6}.Release|x86.ActiveCfg = Release|Any CPU
		{95C109A0-7066-4FE7-AD4C-911AE9004CC6}.Release|x86.Build.0 = Release|Any CPU
		{A63CC887-4BC4-4BF4-9550-A143D7DCF5AF}.Ad-Hoc|Any CPU.ActiveCfg = Release|Any CPU
		{A63CC887-4BC4-4BF4-9550-A143D7DCF5AF}.Ad-Hoc|Any CPU.Build.0 = Release|Any CPU
		{A63CC887-4BC4-4BF4-9550-A143D7DCF5AF}.Ad-Hoc|ARM.ActiveCfg = Release|Any CPU
		{A63CC887-4BC4-4BF4-9550-A143D7DCF5AF}.Ad-Hoc|ARM.Build.0 = Release|Any CPU
		{A63CC887-4BC4-4BF4-9550-A143D7DCF5AF}.Ad-Hoc|iPhone.ActiveCfg = Release|Any CPU
		{A63CC887-4BC4-4BF4-9550-A143D7DCF5AF}.Ad-Hoc|iPhone.Build.0 = Release|Any CPU
		{A63CC887-4BC4-4BF4-9550-A143D7DCF5AF}.Ad-Hoc|iPhoneSimulator.ActiveCfg = Release|Any CPU
		{A63CC887-4BC4-4BF4-9550-A143D7DCF5AF}.Ad-Hoc|iPhoneSimulator.Build.0 = Release|Any CPU
		{A63CC887-4BC4-4BF4-9550-A143D7DCF5AF}.Ad-Hoc|x64.ActiveCfg = Release|Any CPU
		{A63CC887-4BC4-4BF4-9550-A143D7DCF5AF}.Ad-Hoc|x64.Build.0 = Release|Any CPU
		{A63CC887-4BC4-4BF4-9550-A143D7DCF5AF}.Ad-Hoc|x86.ActiveCfg = Release|Any CPU
		{A63CC887-4BC4-4BF4-9550-A143D7DCF5AF}.Ad-Hoc|x86.Build.0 = Release|Any CPU
		{A63CC887-4BC4-4BF4-9550-A143D7DCF5AF}.AppStore|Any CPU.ActiveCfg = Release|Any CPU
		{A63CC887-4BC4-4BF4-9550-A143D7DCF5AF}.AppStore|Any CPU.Build.0 = Release|Any CPU
		{A63CC887-4BC4-4BF4-9550-A143D7DCF5AF}.AppStore|ARM.ActiveCfg = Release|Any CPU
		{A63CC887-4BC4-4BF4-9550-A143D7DCF5AF}.AppStore|ARM.Build.0 = Release|Any CPU
		{A63CC887-4BC4-4BF4-9550-A143D7DCF5AF}.AppStore|iPhone.ActiveCfg = Release|Any CPU
		{A63CC887-4BC4-4BF4-9550-A143D7DCF5AF}.AppStore|iPhone.Build.0 = Release|Any CPU
		{A63CC887-4BC4-4BF4-9550-A143D7DCF5AF}.AppStore|iPhoneSimulator.ActiveCfg = Release|Any CPU
		{A63CC887-4BC4-4BF4-9550-A143D7DCF5AF}.AppStore|iPhoneSimulator.Build.0 = Release|Any CPU
		{A63CC887-4BC4-4BF4-9550-A143D7DCF5AF}.AppStore|x64.ActiveCfg = Release|Any CPU
		{A63CC887-4BC4-4BF4-9550-A143D7DCF5AF}.AppStore|x64.Build.0 = Release|Any CPU
		{A63CC887-4BC4-4BF4-9550-A143D7DCF5AF}.AppStore|x86.ActiveCfg = Release|Any CPU
		{A63CC887-4BC4-4BF4-9550-A143D7DCF5AF}.AppStore|x86.Build.0 = Release|Any CPU
		{A63CC887-4BC4-4BF4-9550-A143D7DCF5AF}.Debug|Any CPU.ActiveCfg = Debug|Any CPU
		{A63CC887-4BC4-4BF4-9550-A143D7DCF5AF}.Debug|Any CPU.Build.0 = Debug|Any CPU
		{A63CC887-4BC4-4BF4-9550-A143D7DCF5AF}.Debug|Any CPU.Deploy.0 = Debug|Any CPU
		{A63CC887-4BC4-4BF4-9550-A143D7DCF5AF}.Debug|ARM.ActiveCfg = Debug|Any CPU
		{A63CC887-4BC4-4BF4-9550-A143D7DCF5AF}.Debug|ARM.Build.0 = Debug|Any CPU
		{A63CC887-4BC4-4BF4-9550-A143D7DCF5AF}.Debug|iPhone.ActiveCfg = Debug|Any CPU
		{A63CC887-4BC4-4BF4-9550-A143D7DCF5AF}.Debug|iPhone.Build.0 = Debug|Any CPU
		{A63CC887-4BC4-4BF4-9550-A143D7DCF5AF}.Debug|iPhoneSimulator.ActiveCfg = Debug|Any CPU
		{A63CC887-4BC4-4BF4-9550-A143D7DCF5AF}.Debug|iPhoneSimulator.Build.0 = Debug|Any CPU
		{A63CC887-4BC4-4BF4-9550-A143D7DCF5AF}.Debug|x64.ActiveCfg = Debug|Any CPU
		{A63CC887-4BC4-4BF4-9550-A143D7DCF5AF}.Debug|x64.Build.0 = Debug|Any CPU
		{A63CC887-4BC4-4BF4-9550-A143D7DCF5AF}.Debug|x86.ActiveCfg = Debug|Any CPU
		{A63CC887-4BC4-4BF4-9550-A143D7DCF5AF}.Debug|x86.Build.0 = Debug|Any CPU
		{A63CC887-4BC4-4BF4-9550-A143D7DCF5AF}.Release|Any CPU.ActiveCfg = Release|Any CPU
		{A63CC887-4BC4-4BF4-9550-A143D7DCF5AF}.Release|Any CPU.Build.0 = Release|Any CPU
		{A63CC887-4BC4-4BF4-9550-A143D7DCF5AF}.Release|Any CPU.Deploy.0 = Release|Any CPU
		{A63CC887-4BC4-4BF4-9550-A143D7DCF5AF}.Release|ARM.ActiveCfg = Release|Any CPU
		{A63CC887-4BC4-4BF4-9550-A143D7DCF5AF}.Release|ARM.Build.0 = Release|Any CPU
		{A63CC887-4BC4-4BF4-9550-A143D7DCF5AF}.Release|iPhone.ActiveCfg = Release|Any CPU
		{A63CC887-4BC4-4BF4-9550-A143D7DCF5AF}.Release|iPhone.Build.0 = Release|Any CPU
		{A63CC887-4BC4-4BF4-9550-A143D7DCF5AF}.Release|iPhoneSimulator.ActiveCfg = Release|Any CPU
		{A63CC887-4BC4-4BF4-9550-A143D7DCF5AF}.Release|iPhoneSimulator.Build.0 = Release|Any CPU
		{A63CC887-4BC4-4BF4-9550-A143D7DCF5AF}.Release|x64.ActiveCfg = Release|Any CPU
		{A63CC887-4BC4-4BF4-9550-A143D7DCF5AF}.Release|x64.Build.0 = Release|Any CPU
		{A63CC887-4BC4-4BF4-9550-A143D7DCF5AF}.Release|x86.ActiveCfg = Release|Any CPU
		{A63CC887-4BC4-4BF4-9550-A143D7DCF5AF}.Release|x86.Build.0 = Release|Any CPU
		{2C68EF72-3206-4151-899F-CE80F420EE85}.Ad-Hoc|Any CPU.ActiveCfg = Release|Any CPU
		{2C68EF72-3206-4151-899F-CE80F420EE85}.Ad-Hoc|Any CPU.Build.0 = Release|Any CPU
		{2C68EF72-3206-4151-899F-CE80F420EE85}.Ad-Hoc|ARM.ActiveCfg = Release|Any CPU
		{2C68EF72-3206-4151-899F-CE80F420EE85}.Ad-Hoc|ARM.Build.0 = Release|Any CPU
		{2C68EF72-3206-4151-899F-CE80F420EE85}.Ad-Hoc|iPhone.ActiveCfg = Release|Any CPU
		{2C68EF72-3206-4151-899F-CE80F420EE85}.Ad-Hoc|iPhone.Build.0 = Release|Any CPU
		{2C68EF72-3206-4151-899F-CE80F420EE85}.Ad-Hoc|iPhoneSimulator.ActiveCfg = Release|Any CPU
		{2C68EF72-3206-4151-899F-CE80F420EE85}.Ad-Hoc|iPhoneSimulator.Build.0 = Release|Any CPU
		{2C68EF72-3206-4151-899F-CE80F420EE85}.Ad-Hoc|x64.ActiveCfg = Release|Any CPU
		{2C68EF72-3206-4151-899F-CE80F420EE85}.Ad-Hoc|x64.Build.0 = Release|Any CPU
		{2C68EF72-3206-4151-899F-CE80F420EE85}.Ad-Hoc|x86.ActiveCfg = Release|Any CPU
		{2C68EF72-3206-4151-899F-CE80F420EE85}.Ad-Hoc|x86.Build.0 = Release|Any CPU
		{2C68EF72-3206-4151-899F-CE80F420EE85}.AppStore|Any CPU.ActiveCfg = Release|Any CPU
		{2C68EF72-3206-4151-899F-CE80F420EE85}.AppStore|Any CPU.Build.0 = Release|Any CPU
		{2C68EF72-3206-4151-899F-CE80F420EE85}.AppStore|ARM.ActiveCfg = Release|Any CPU
		{2C68EF72-3206-4151-899F-CE80F420EE85}.AppStore|ARM.Build.0 = Release|Any CPU
		{2C68EF72-3206-4151-899F-CE80F420EE85}.AppStore|iPhone.ActiveCfg = Release|Any CPU
		{2C68EF72-3206-4151-899F-CE80F420EE85}.AppStore|iPhone.Build.0 = Release|Any CPU
		{2C68EF72-3206-4151-899F-CE80F420EE85}.AppStore|iPhoneSimulator.ActiveCfg = Release|Any CPU
		{2C68EF72-3206-4151-899F-CE80F420EE85}.AppStore|iPhoneSimulator.Build.0 = Release|Any CPU
		{2C68EF72-3206-4151-899F-CE80F420EE85}.AppStore|x64.ActiveCfg = Release|Any CPU
		{2C68EF72-3206-4151-899F-CE80F420EE85}.AppStore|x64.Build.0 = Release|Any CPU
		{2C68EF72-3206-4151-899F-CE80F420EE85}.AppStore|x86.ActiveCfg = Release|Any CPU
		{2C68EF72-3206-4151-899F-CE80F420EE85}.AppStore|x86.Build.0 = Release|Any CPU
		{2C68EF72-3206-4151-899F-CE80F420EE85}.Debug|Any CPU.ActiveCfg = Debug|Any CPU
		{2C68EF72-3206-4151-899F-CE80F420EE85}.Debug|Any CPU.Build.0 = Debug|Any CPU
		{2C68EF72-3206-4151-899F-CE80F420EE85}.Debug|ARM.ActiveCfg = Debug|Any CPU
		{2C68EF72-3206-4151-899F-CE80F420EE85}.Debug|ARM.Build.0 = Debug|Any CPU
		{2C68EF72-3206-4151-899F-CE80F420EE85}.Debug|iPhone.ActiveCfg = Debug|Any CPU
		{2C68EF72-3206-4151-899F-CE80F420EE85}.Debug|iPhone.Build.0 = Debug|Any CPU
		{2C68EF72-3206-4151-899F-CE80F420EE85}.Debug|iPhoneSimulator.ActiveCfg = Debug|Any CPU
		{2C68EF72-3206-4151-899F-CE80F420EE85}.Debug|iPhoneSimulator.Build.0 = Debug|Any CPU
		{2C68EF72-3206-4151-899F-CE80F420EE85}.Debug|x64.ActiveCfg = Debug|Any CPU
		{2C68EF72-3206-4151-899F-CE80F420EE85}.Debug|x64.Build.0 = Debug|Any CPU
		{2C68EF72-3206-4151-899F-CE80F420EE85}.Debug|x86.ActiveCfg = Debug|Any CPU
		{2C68EF72-3206-4151-899F-CE80F420EE85}.Debug|x86.Build.0 = Debug|Any CPU
		{2C68EF72-3206-4151-899F-CE80F420EE85}.Release|Any CPU.ActiveCfg = Release|Any CPU
		{2C68EF72-3206-4151-899F-CE80F420EE85}.Release|Any CPU.Build.0 = Release|Any CPU
		{2C68EF72-3206-4151-899F-CE80F420EE85}.Release|ARM.ActiveCfg = Release|Any CPU
		{2C68EF72-3206-4151-899F-CE80F420EE85}.Release|ARM.Build.0 = Release|Any CPU
		{2C68EF72-3206-4151-899F-CE80F420EE85}.Release|iPhone.ActiveCfg = Release|Any CPU
		{2C68EF72-3206-4151-899F-CE80F420EE85}.Release|iPhone.Build.0 = Release|Any CPU
		{2C68EF72-3206-4151-899F-CE80F420EE85}.Release|iPhoneSimulator.ActiveCfg = Release|Any CPU
		{2C68EF72-3206-4151-899F-CE80F420EE85}.Release|iPhoneSimulator.Build.0 = Release|Any CPU
		{2C68EF72-3206-4151-899F-CE80F420EE85}.Release|x64.ActiveCfg = Release|Any CPU
		{2C68EF72-3206-4151-899F-CE80F420EE85}.Release|x64.Build.0 = Release|Any CPU
		{2C68EF72-3206-4151-899F-CE80F420EE85}.Release|x86.ActiveCfg = Release|Any CPU
		{2C68EF72-3206-4151-899F-CE80F420EE85}.Release|x86.Build.0 = Release|Any CPU
		{71E877E5-2A0F-4670-ADAF-1BDB7A06CFD7}.Ad-Hoc|Any CPU.ActiveCfg = Release|x64
		{71E877E5-2A0F-4670-ADAF-1BDB7A06CFD7}.Ad-Hoc|Any CPU.Build.0 = Release|x64
		{71E877E5-2A0F-4670-ADAF-1BDB7A06CFD7}.Ad-Hoc|Any CPU.Deploy.0 = Release|x64
		{71E877E5-2A0F-4670-ADAF-1BDB7A06CFD7}.Ad-Hoc|ARM.ActiveCfg = Release|ARM
		{71E877E5-2A0F-4670-ADAF-1BDB7A06CFD7}.Ad-Hoc|ARM.Build.0 = Release|ARM
		{71E877E5-2A0F-4670-ADAF-1BDB7A06CFD7}.Ad-Hoc|ARM.Deploy.0 = Release|ARM
		{71E877E5-2A0F-4670-ADAF-1BDB7A06CFD7}.Ad-Hoc|ARM64.ActiveCfg = Release|ARM64
		{71E877E5-2A0F-4670-ADAF-1BDB7A06CFD7}.Ad-Hoc|ARM64.Build.0 = Release|ARM64
		{71E877E5-2A0F-4670-ADAF-1BDB7A06CFD7}.Ad-Hoc|ARM64.Deploy.0 = Release|ARM64
		{71E877E5-2A0F-4670-ADAF-1BDB7A06CFD7}.Ad-Hoc|iPhone.ActiveCfg = Release|x64
		{71E877E5-2A0F-4670-ADAF-1BDB7A06CFD7}.Ad-Hoc|iPhone.Build.0 = Release|x64
		{71E877E5-2A0F-4670-ADAF-1BDB7A06CFD7}.Ad-Hoc|iPhone.Deploy.0 = Release|x64
		{71E877E5-2A0F-4670-ADAF-1BDB7A06CFD7}.Ad-Hoc|iPhoneSimulator.ActiveCfg = Release|x64
		{71E877E5-2A0F-4670-ADAF-1BDB7A06CFD7}.Ad-Hoc|iPhoneSimulator.Build.0 = Release|x64
		{71E877E5-2A0F-4670-ADAF-1BDB7A06CFD7}.Ad-Hoc|iPhoneSimulator.Deploy.0 = Release|x64
		{71E877E5-2A0F-4670-ADAF-1BDB7A06CFD7}.Ad-Hoc|x64.ActiveCfg = Release|x64
		{71E877E5-2A0F-4670-ADAF-1BDB7A06CFD7}.Ad-Hoc|x64.Build.0 = Release|x64
		{71E877E5-2A0F-4670-ADAF-1BDB7A06CFD7}.Ad-Hoc|x64.Deploy.0 = Release|x64
		{71E877E5-2A0F-4670-ADAF-1BDB7A06CFD7}.Ad-Hoc|x86.ActiveCfg = Release|x86
		{71E877E5-2A0F-4670-ADAF-1BDB7A06CFD7}.Ad-Hoc|x86.Build.0 = Release|x86
		{71E877E5-2A0F-4670-ADAF-1BDB7A06CFD7}.Ad-Hoc|x86.Deploy.0 = Release|x86
		{71E877E5-2A0F-4670-ADAF-1BDB7A06CFD7}.AppStore|Any CPU.ActiveCfg = Release|x64
		{71E877E5-2A0F-4670-ADAF-1BDB7A06CFD7}.AppStore|Any CPU.Build.0 = Release|x64
		{71E877E5-2A0F-4670-ADAF-1BDB7A06CFD7}.AppStore|Any CPU.Deploy.0 = Release|x64
		{71E877E5-2A0F-4670-ADAF-1BDB7A06CFD7}.AppStore|ARM.ActiveCfg = Release|ARM
		{71E877E5-2A0F-4670-ADAF-1BDB7A06CFD7}.AppStore|ARM.Build.0 = Release|ARM
		{71E877E5-2A0F-4670-ADAF-1BDB7A06CFD7}.AppStore|ARM.Deploy.0 = Release|ARM
		{71E877E5-2A0F-4670-ADAF-1BDB7A06CFD7}.AppStore|ARM64.ActiveCfg = Release|ARM64
		{71E877E5-2A0F-4670-ADAF-1BDB7A06CFD7}.AppStore|ARM64.Build.0 = Release|ARM64
		{71E877E5-2A0F-4670-ADAF-1BDB7A06CFD7}.AppStore|ARM64.Deploy.0 = Release|ARM64
		{71E877E5-2A0F-4670-ADAF-1BDB7A06CFD7}.AppStore|iPhone.ActiveCfg = Release|x64
		{71E877E5-2A0F-4670-ADAF-1BDB7A06CFD7}.AppStore|iPhone.Build.0 = Release|x64
		{71E877E5-2A0F-4670-ADAF-1BDB7A06CFD7}.AppStore|iPhone.Deploy.0 = Release|x64
		{71E877E5-2A0F-4670-ADAF-1BDB7A06CFD7}.AppStore|iPhoneSimulator.ActiveCfg = Release|x64
		{71E877E5-2A0F-4670-ADAF-1BDB7A06CFD7}.AppStore|iPhoneSimulator.Build.0 = Release|x64
		{71E877E5-2A0F-4670-ADAF-1BDB7A06CFD7}.AppStore|iPhoneSimulator.Deploy.0 = Release|x64
		{71E877E5-2A0F-4670-ADAF-1BDB7A06CFD7}.AppStore|x64.ActiveCfg = Release|x64
		{71E877E5-2A0F-4670-ADAF-1BDB7A06CFD7}.AppStore|x64.Build.0 = Release|x64
		{71E877E5-2A0F-4670-ADAF-1BDB7A06CFD7}.AppStore|x64.Deploy.0 = Release|x64
		{71E877E5-2A0F-4670-ADAF-1BDB7A06CFD7}.AppStore|x86.ActiveCfg = Release|x86
		{71E877E5-2A0F-4670-ADAF-1BDB7A06CFD7}.AppStore|x86.Build.0 = Release|x86
		{71E877E5-2A0F-4670-ADAF-1BDB7A06CFD7}.AppStore|x86.Deploy.0 = Release|x86
		{71E877E5-2A0F-4670-ADAF-1BDB7A06CFD7}.Debug|Any CPU.ActiveCfg = Debug|x86
		{71E877E5-2A0F-4670-ADAF-1BDB7A06CFD7}.Debug|ARM.ActiveCfg = Debug|ARM
		{71E877E5-2A0F-4670-ADAF-1BDB7A06CFD7}.Debug|ARM.Build.0 = Debug|ARM
		{71E877E5-2A0F-4670-ADAF-1BDB7A06CFD7}.Debug|ARM.Deploy.0 = Debug|ARM
		{71E877E5-2A0F-4670-ADAF-1BDB7A06CFD7}.Debug|ARM64.ActiveCfg = Debug|ARM64
		{71E877E5-2A0F-4670-ADAF-1BDB7A06CFD7}.Debug|ARM64.Build.0 = Debug|ARM64
		{71E877E5-2A0F-4670-ADAF-1BDB7A06CFD7}.Debug|ARM64.Deploy.0 = Debug|ARM64
		{71E877E5-2A0F-4670-ADAF-1BDB7A06CFD7}.Debug|iPhone.ActiveCfg = Debug|x86
		{71E877E5-2A0F-4670-ADAF-1BDB7A06CFD7}.Debug|iPhoneSimulator.ActiveCfg = Debug|x86
		{71E877E5-2A0F-4670-ADAF-1BDB7A06CFD7}.Debug|x64.ActiveCfg = Debug|x64
		{71E877E5-2A0F-4670-ADAF-1BDB7A06CFD7}.Debug|x64.Build.0 = Debug|x64
		{71E877E5-2A0F-4670-ADAF-1BDB7A06CFD7}.Debug|x64.Deploy.0 = Debug|x64
		{71E877E5-2A0F-4670-ADAF-1BDB7A06CFD7}.Debug|x86.ActiveCfg = Debug|x86
		{71E877E5-2A0F-4670-ADAF-1BDB7A06CFD7}.Debug|x86.Build.0 = Debug|x86
		{71E877E5-2A0F-4670-ADAF-1BDB7A06CFD7}.Debug|x86.Deploy.0 = Debug|x86
		{71E877E5-2A0F-4670-ADAF-1BDB7A06CFD7}.Release|Any CPU.ActiveCfg = Release|x86
		{71E877E5-2A0F-4670-ADAF-1BDB7A06CFD7}.Release|ARM.ActiveCfg = Release|ARM
		{71E877E5-2A0F-4670-ADAF-1BDB7A06CFD7}.Release|ARM.Build.0 = Release|ARM
		{71E877E5-2A0F-4670-ADAF-1BDB7A06CFD7}.Release|ARM.Deploy.0 = Release|ARM
		{71E877E5-2A0F-4670-ADAF-1BDB7A06CFD7}.Release|ARM64.ActiveCfg = Release|ARM64
		{71E877E5-2A0F-4670-ADAF-1BDB7A06CFD7}.Release|ARM64.Build.0 = Release|ARM64
		{71E877E5-2A0F-4670-ADAF-1BDB7A06CFD7}.Release|ARM64.Deploy.0 = Release|ARM64
		{71E877E5-2A0F-4670-ADAF-1BDB7A06CFD7}.Release|iPhone.ActiveCfg = Release|x86
		{71E877E5-2A0F-4670-ADAF-1BDB7A06CFD7}.Release|iPhoneSimulator.ActiveCfg = Release|x86
		{71E877E5-2A0F-4670-ADAF-1BDB7A06CFD7}.Release|x64.ActiveCfg = Release|x64
		{71E877E5-2A0F-4670-ADAF-1BDB7A06CFD7}.Release|x64.Build.0 = Release|x64
		{71E877E5-2A0F-4670-ADAF-1BDB7A06CFD7}.Release|x64.Deploy.0 = Release|x64
		{71E877E5-2A0F-4670-ADAF-1BDB7A06CFD7}.Release|x86.ActiveCfg = Release|x86
		{71E877E5-2A0F-4670-ADAF-1BDB7A06CFD7}.Release|x86.Build.0 = Release|x86
		{71E877E5-2A0F-4670-ADAF-1BDB7A06CFD7}.Release|x86.Deploy.0 = Release|x86
	EndGlobalSection
	GlobalSection(SolutionProperties) = preSolution
		HideSolutionNode = FALSE
	EndGlobalSection
	GlobalSection(ExtensibilityGlobals) = postSolution
		SolutionGuid = {F6D05029-56B8-4E45-AF2D-0E76295DDBA2}
	EndGlobalSection
EndGlobal
